
Microsoft Visual Studio Solution File, Format Version 12.00
Project("{FAE04EC0-301F-11D3-BF4B-00C04F79EFBC}") = "Client", "Client\Client.csproj", "{03515AAE-661C-48C4-8179-74BFDE6E2DC5}"
EndProject
Project("{FAE04EC0-301F-11D3-BF4B-00C04F79EFBC}") = "API", "API\API.csproj", "{86F46153-4DF5-4E24-A789-A9D25C81A770}"
EndProject
Global
	GlobalSection(SolutionConfigurationPlatforms) = preSolution
		Debug|Any CPU = Debug|Any CPU
		Release|Any CPU = Release|Any CPU
	EndGlobalSection
	GlobalSection(ProjectConfigurationPlatforms) = postSolution
		{03515AAE-661C-48C4-8179-74BFDE6E2DC5}.Debug|Any CPU.ActiveCfg = Debug|Any CPU
		{03515AAE-661C-48C4-8179-74BFDE6E2DC5}.Debug|Any CPU.Build.0 = Debug|Any CPU
		{03515AAE-661C-48C4-8179-74BFDE6E2DC5}.Release|Any CPU.ActiveCfg = Release|Any CPU
		{03515AAE-661C-48C4-8179-74BFDE6E2DC5}.Release|Any CPU.Build.0 = Release|Any CPU
		{86F46153-4DF5-4E24-A789-A9D25C81A770}.Debug|Any CPU.ActiveCfg = Debug|Any CPU
		{86F46153-4DF5-4E24-A789-A9D25C81A770}.Debug|Any CPU.Build.0 = Debug|Any CPU
		{86F46153-4DF5-4E24-A789-A9D25C81A770}.Release|Any CPU.ActiveCfg = Release|Any CPU
		{86F46153-4DF5-4E24-A789-A9D25C81A770}.Release|Any CPU.Build.0 = Release|Any CPU
	EndGlobalSection
EndGlobal
